
Microsoft Visual Studio Solution File, Format Version 12.00
# Visual Studio Version 17
VisualStudioVersion = 17.0.32112.339
MinimumVisualStudioVersion = 10.0.40219.1
Project("{FAE04EC0-301F-11D3-BF4B-00C04F79EFBC}") = "ProEspaco.API", "ProEspaco.API.csproj", "{B76C9487-2505-4957-86FC-8944937F08E0}"
EndProject
Project("{FAE04EC0-301F-11D3-BF4B-00C04F79EFBC}") = "ProEspaco.Business", "..\ProEspaco.Business\ProEspaco.Business.csproj", "{ED0F1517-E4A3-4D30-9803-7E2311735B02}"
EndProject
Project("{FAE04EC0-301F-11D3-BF4B-00C04F79EFBC}") = "ProEventos.Repository", "..\ProEventos.Repository\ProEventos.Repository.csproj", "{D55D455C-CEAC-42E7-A2C5-E5A0A44E3D8F}"
EndProject
Global
	GlobalSection(SolutionConfigurationPlatforms) = preSolution
		Debug|Any CPU = Debug|Any CPU
		Release|Any CPU = Release|Any CPU
	EndGlobalSection
	GlobalSection(ProjectConfigurationPlatforms) = postSolution
		{B76C9487-2505-4957-86FC-8944937F08E0}.Debug|Any CPU.ActiveCfg = Debug|Any CPU
		{B76C9487-2505-4957-86FC-8944937F08E0}.Debug|Any CPU.Build.0 = Debug|Any CPU
		{B76C9487-2505-4957-86FC-8944937F08E0}.Release|Any CPU.ActiveCfg = Release|Any CPU
		{B76C9487-2505-4957-86FC-8944937F08E0}.Release|Any CPU.Build.0 = Release|Any CPU
		{ED0F1517-E4A3-4D30-9803-7E2311735B02}.Debug|Any CPU.ActiveCfg = Debug|Any CPU
		{ED0F1517-E4A3-4D30-9803-7E2311735B02}.Debug|Any CPU.Build.0 = Debug|Any CPU
		{ED0F1517-E4A3-4D30-9803-7E2311735B02}.Release|Any CPU.ActiveCfg = Release|Any CPU
		{ED0F1517-E4A3-4D30-9803-7E2311735B02}.Release|Any CPU.Build.0 = Release|Any CPU
		{D55D455C-CEAC-42E7-A2C5-E5A0A44E3D8F}.Debug|Any CPU.ActiveCfg = Debug|Any CPU
		{D55D455C-CEAC-42E7-A2C5-E5A0A44E3D8F}.Debug|Any CPU.Build.0 = Debug|Any CPU
		{D55D455C-CEAC-42E7-A2C5-E5A0A44E3D8F}.Release|Any CPU.ActiveCfg = Release|Any CPU
		{D55D455C-CEAC-42E7-A2C5-E5A0A44E3D8F}.Release|Any CPU.Build.0 = Release|Any CPU
	EndGlobalSection
	GlobalSection(SolutionProperties) = preSolution
		HideSolutionNode = FALSE
	EndGlobalSection
	GlobalSection(ExtensibilityGlobals) = postSolution
		SolutionGuid = {85C29FA9-1AD7-4551-BE1C-D27A973CA4CC}
	EndGlobalSection
EndGlobal
